
Microsoft Visual Studio Solution File, Format Version 12.00
# Visual Studio Version 16
VisualStudioVersion = 16.0.31624.102
MinimumVisualStudioVersion = 10.0.40219.1
Project("{9A19103F-16F7-4668-BE54-9A1E7A4F7556}") = "TAApplication", "TAApplication.csproj", "{1729FED3-50B5-4F33-9AA8-55269F26A705}"
EndProject
Project("{2150E333-8FDC-42A3-9474-1A3956D46DE8}") = "Solution Items", "Solution Items", "{C5F3C7F7-223B-4CB7-A1BD-CBE4C610BA5D}"
	ProjectSection(SolutionItems) = preProject
		.editorconfig = .editorconfig
		README.txt = README.txt
	EndProjectSection
EndProject
Global
	GlobalSection(SolutionConfigurationPlatforms) = preSolution
		Debug|Any CPU = Debug|Any CPU
		Release|Any CPU = Release|Any CPU
	EndGlobalSection
	GlobalSection(ProjectConfigurationPlatforms) = postSolution
		{1729FED3-50B5-4F33-9AA8-55269F26A705}.Debug|Any CPU.ActiveCfg = Debug|Any CPU
		{1729FED3-50B5-4F33-9AA8-55269F26A705}.Debug|Any CPU.Build.0 = Debug|Any CPU
		{1729FED3-50B5-4F33-9AA8-55269F26A705}.Release|Any CPU.ActiveCfg = Release|Any CPU
		{1729FED3-50B5-4F33-9AA8-55269F26A705}.Release|Any CPU.Build.0 = Release|Any CPU
	EndGlobalSection
	GlobalSection(SolutionProperties) = preSolution
		HideSolutionNode = FALSE
	EndGlobalSection
	GlobalSection(ExtensibilityGlobals) = postSolution
		SolutionGuid = {3B30F39F-9BA0-4D10-8205-5E4F92056B58}
	EndGlobalSection
EndGlobal
